{
  "requires": true,
  "lockfileVersion": 1,
  "dependencies": {
    "@tinymce/tinymce-vue": {
      "version": "3.0.1",
      "resolved": "https://registry.npmjs.org/@tinymce/tinymce-vue/-/tinymce-vue-3.0.1.tgz",
      "integrity": "sha512-UnS1YTmzlASA/G23v8zZFgmjR34BSzMkYDSkGOe4ZqWDkz2uwHmiC1sNQj/70DVWG9br8cTPVjUhgOn/b+3ygQ=="
    },
    "sortablejs": {
      "version": "1.10.1",
      "resolved": "https://registry.npmjs.org/sortablejs/-/sortablejs-1.10.1.tgz",
      "integrity": "sha512-N6r7GrVmO8RW1rn0cTdvK3JR0BcqecAJ0PmYMCL3ZuqTH3pY+9QyqkmJSkkLyyDvd+AJnwaxTP22Ybr/83V9hQ=="
    },
    "tinymce": {
      "version": "5.1.5",
      "resolved": "https://registry.npmjs.org/tinymce/-/tinymce-5.1.5.tgz",
      "integrity": "sha512-xl7rMhjxtDLWGXJF2ZNGv6Dxqy64HAQKSCvfcbfFuF+oJYRA1JqfNLfgS3yqG4D/V30adFWOZUv9Eng6l5BWOA=="
    },
    "vuedraggable": {
      "version": "2.23.2",
      "resolved": "https://registry.npmjs.org/vuedraggable/-/vuedraggable-2.23.2.tgz",
      "integrity": "sha512-PgHCjUpxEAEZJq36ys49HfQmXglattf/7ofOzUrW2/rRdG7tu6fK84ir14t1jYv4kdXewTEa2ieKEAhhEMdwkQ==",
      "requires": {
        "sortablejs": "^1.10.1"
      }
    }
  }
}
